
Microsoft Visual Studio Solution File, Format Version 12.00
# Visual Studio 14
VisualStudioVersion = 14.0.25123.0
MinimumVisualStudioVersion = 10.0.40219.1
Project("{FAE04EC0-301F-11D3-BF4B-00C04F79EFBC}") = "Web3Tier", "Web3Tier\Web3Tier.csproj", "{E343B81A-8F0C-4D5D-8F1C-BFDD011EA8C6}"
EndProject
Project("{FAE04EC0-301F-11D3-BF4B-00C04F79EFBC}") = "DataAcessLayer", "DataAcessLayer\DataAcessLayer.csproj", "{0EA2AE37-E8C0-4E5E-AD32-E1FEC156AB8B}"
EndProject
Project("{FAE04EC0-301F-11D3-BF4B-00C04F79EFBC}") = "BusinessLayer", "BusinessLayer\BusinessLayer.csproj", "{65755A54-9E7E-44BD-8606-CB7D693102C8}"
EndProject
Global
	GlobalSection(SolutionConfigurationPlatforms) = preSolution
		Debug|Any CPU = Debug|Any CPU
		Release|Any CPU = Release|Any CPU
	EndGlobalSection
	GlobalSection(ProjectConfigurationPlatforms) = postSolution
		{E343B81A-8F0C-4D5D-8F1C-BFDD011EA8C6}.Debug|Any CPU.ActiveCfg = Debug|Any CPU
		{E343B81A-8F0C-4D5D-8F1C-BFDD011EA8C6}.Debug|Any CPU.Build.0 = Debug|Any CPU
		{E343B81A-8F0C-4D5D-8F1C-BFDD011EA8C6}.Release|Any CPU.ActiveCfg = Release|Any CPU
		{E343B81A-8F0C-4D5D-8F1C-BFDD011EA8C6}.Release|Any CPU.Build.0 = Release|Any CPU
		{0EA2AE37-E8C0-4E5E-AD32-E1FEC156AB8B}.Debug|Any CPU.ActiveCfg = Debug|Any CPU
		{0EA2AE37-E8C0-4E5E-AD32-E1FEC156AB8B}.Debug|Any CPU.Build.0 = Debug|Any CPU
		{0EA2AE37-E8C0-4E5E-AD32-E1FEC156AB8B}.Release|Any CPU.ActiveCfg = Release|Any CPU
		{0EA2AE37-E8C0-4E5E-AD32-E1FEC156AB8B}.Release|Any CPU.Build.0 = Release|Any CPU
		{65755A54-9E7E-44BD-8606-CB7D693102C8}.Debug|Any CPU.ActiveCfg = Debug|Any CPU
		{65755A54-9E7E-44BD-8606-CB7D693102C8}.Debug|Any CPU.Build.0 = Debug|Any CPU
		{65755A54-9E7E-44BD-8606-CB7D693102C8}.Release|Any CPU.ActiveCfg = Release|Any CPU
		{65755A54-9E7E-44BD-8606-CB7D693102C8}.Release|Any CPU.Build.0 = Release|Any CPU
	EndGlobalSection
	GlobalSection(SolutionProperties) = preSolution
		HideSolutionNode = FALSE
	EndGlobalSection
EndGlobal
